
Microsoft Visual Studio Solution File, Format Version 12.00
# Visual Studio Version 16
VisualStudioVersion = 16.0.30114.105
MinimumVisualStudioVersion = 10.0.40219.1
Project("{FAE04EC0-301F-11D3-BF4B-00C04F79EFBC}") = "Assignment1", "Assignment1\Assignment1.csproj", "{777B8BAB-7974-4C61-909F-026991D58853}"
EndProject
Project("{FAE04EC0-301F-11D3-BF4B-00C04F79EFBC}") = "Assignment1.Tests", "Assignment1.Tests\Assignment1.Tests.csproj", "{53B21E22-55D9-464E-9788-444125FE156C}"
EndProject
Global
	GlobalSection(SolutionConfigurationPlatforms) = preSolution
		Debug|Any CPU = Debug|Any CPU
		Release|Any CPU = Release|Any CPU
	EndGlobalSection
	GlobalSection(SolutionProperties) = preSolution
		HideSolutionNode = FALSE
	EndGlobalSection
	GlobalSection(ProjectConfigurationPlatforms) = postSolution
		{777B8BAB-7974-4C61-909F-026991D58853}.Debug|Any CPU.ActiveCfg = Debug|Any CPU
		{777B8BAB-7974-4C61-909F-026991D58853}.Debug|Any CPU.Build.0 = Debug|Any CPU
		{777B8BAB-7974-4C61-909F-026991D58853}.Release|Any CPU.ActiveCfg = Release|Any CPU
		{777B8BAB-7974-4C61-909F-026991D58853}.Release|Any CPU.Build.0 = Release|Any CPU
		{53B21E22-55D9-464E-9788-444125FE156C}.Debug|Any CPU.ActiveCfg = Debug|Any CPU
		{53B21E22-55D9-464E-9788-444125FE156C}.Debug|Any CPU.Build.0 = Debug|Any CPU
		{53B21E22-55D9-464E-9788-444125FE156C}.Release|Any CPU.ActiveCfg = Release|Any CPU
		{53B21E22-55D9-464E-9788-444125FE156C}.Release|Any CPU.Build.0 = Release|Any CPU
	EndGlobalSection
EndGlobal
